{
  "name": "Forge_dream",
  "lockfileVersion": 3,
  "requires": true,
  "packages": {
    "": {
      "dependencies": {
        "iquery": "^0.0.2",
        "jquery": "^3.7.1"
      }
    },
    "node_modules/iquery": {
      "version": "0.0.2",
      "resolved": "https://registry.npmjs.org/iquery/-/iquery-0.0.2.tgz",
      "integrity": "sha512-RMQJjjDkaitTDTK7mXsV6TE4Vr13j46XERHa9Dv0gqa7d8dhk9VLgN94G9B9B8t5K7r8afBuF7iRLVx4NvCJZQ==",
      "license": "MIT"
    },
    "node_modules/jquery": {
      "version": "3.7.1",
      "resolved": "https://registry.npmjs.org/jquery/-/jquery-3.7.1.tgz",
      "integrity": "sha512-m4avr8yL8kmFN8psrbFFFmB/If14iN5o9nw/NgnnM+kybDJpRsAynV2BsfpTYrTRysYUdADVD7CkUUizgkpLfg==",
      "license": "MIT"
    }
  }
}
